
Microsoft Visual Studio Solution File, Format Version 12.00
# Visual Studio Version 17
VisualStudioVersion = 17.4.33122.133
MinimumVisualStudioVersion = 10.0.40219.1
Project("{FAE04EC0-301F-11D3-BF4B-00C04F79EFBC}") = "WebApiCoder", "WebApiCoder.csproj", "{F19F3D76-462C-43DE-8DF9-ADC8FBCFA16D}"
EndProject
Global
	GlobalSection(SolutionConfigurationPlatforms) = preSolution
		Debug|Any CPU = Debug|Any CPU
		Release|Any CPU = Release|Any CPU
	EndGlobalSection
	GlobalSection(ProjectConfigurationPlatforms) = postSolution
		{F19F3D76-462C-43DE-8DF9-ADC8FBCFA16D}.Debug|Any CPU.ActiveCfg = Debug|Any CPU
		{F19F3D76-462C-43DE-8DF9-ADC8FBCFA16D}.Debug|Any CPU.Build.0 = Debug|Any CPU
		{F19F3D76-462C-43DE-8DF9-ADC8FBCFA16D}.Release|Any CPU.ActiveCfg = Release|Any CPU
		{F19F3D76-462C-43DE-8DF9-ADC8FBCFA16D}.Release|Any CPU.Build.0 = Release|Any CPU
	EndGlobalSection
	GlobalSection(SolutionProperties) = preSolution
		HideSolutionNode = FALSE
	EndGlobalSection
	GlobalSection(ExtensibilityGlobals) = postSolution
		SolutionGuid = {5DA3B489-3AF6-4FE9-B6A4-0BD1C17B2102}
	EndGlobalSection
EndGlobal
